<?xml version="1.0" encoding="UTF-8"?>
<!DOCTYPE plist PUBLIC "-//Apple//DTD PLIST 1.0//EN" "http://www.apple.com/DTDs/PropertyList-1.0.dtd">
<plist version="1.0">
<dict>
	<key>archiveVersion</key>
	<string>1</string>
	<key>classes</key>
	<dict/>
	<key>objectVersion</key>
	<string>46</string>
	<key>objects</key>
	<dict>
		<key>0F7BA8955B3442ACAF9237DD</key>
		<dict>
			<key>buildActionMask</key>
			<string>2147483647</string>
			<key>files</key>
			<array/>
			<key>inputPaths</key>
			<array/>
			<key>isa</key>
			<string>PBXShellScriptBuildPhase</string>
			<key>name</key>
			<string>Copy Pods Resources</string>
			<key>outputPaths</key>
			<array/>
			<key>runOnlyForDeploymentPostprocessing</key>
			<string>0</string>
			<key>shellPath</key>
			<string>/bin/sh</string>
			<key>shellScript</key>
			<string>"${SRCROOT}/Pods/Pods-resources.sh"
</string>
			<key>showEnvVarsInLog</key>
			<string>0</string>
		</dict>
		<key>340827F567B04D3FB8F08D9C</key>
		<dict>
			<key>buildActionMask</key>
			<string>2147483647</string>
			<key>files</key>
			<array/>
			<key>inputPaths</key>
			<array/>
			<key>isa</key>
			<string>PBXShellScriptBuildPhase</string>
			<key>name</key>
			<string>Check Pods Manifest.lock</string>
			<key>outputPaths</key>
			<array/>
			<key>runOnlyForDeploymentPostprocessing</key>
			<string>0</string>
			<key>shellPath</key>
			<string>/bin/sh</string>
			<key>shellScript</key>
			<string>diff "${PODS_ROOT}/../Podfile.lock" "${PODS_ROOT}/Manifest.lock" &gt; /dev/null
if [[ $? != 0 ]] ; then
    cat &lt;&lt; EOM
error: The sandbox is not in sync with the Podfile.lock. Run 'pod install' or update your CocoaPods installation.
EOM
    exit 1
fi
</string>
			<key>showEnvVarsInLog</key>
			<string>0</string>
		</dict>
		<key>5618E5FC9BFB44C2AB4E1E47</key>
		<dict>
			<key>explicitFileType</key>
			<string>archive.ar</string>
			<key>includeInIndex</key>
			<string>0</string>
			<key>isa</key>
			<string>PBXFileReference</string>
			<key>path</key>
			<string>libPods.a</string>
			<key>sourceTree</key>
			<string>BUILT_PRODUCTS_DIR</string>
		</dict>
		<key>593D79AC19444AD500AD56FC</key>
		<dict>
			<key>children</key>
			<array>
				<string>593D79BE19444AD500AD56FC</string>
				<string>593D79D719444AD500AD56FC</string>
				<string>593D79B719444AD500AD56FC</string>
				<string>593D79B619444AD500AD56FC</string>
				<string>C5A90ADEE5074667908B9858</string>
			</array>
			<key>isa</key>
			<string>PBXGroup</string>
			<key>sourceTree</key>
			<string>&lt;group&gt;</string>
		</dict>
		<key>593D79AD19444AD500AD56FC</key>
		<dict>
			<key>attributes</key>
			<dict>
				<key>LastUpgradeCheck</key>
				<string>0510</string>
				<key>ORGANIZATIONNAME</key>
				<string>Y.CORP.YAHOO.COM\bharat10</string>
				<key>TargetAttributes</key>
				<dict>
					<key>593D79CF19444AD500AD56FC</key>
					<dict>
						<key>TestTargetID</key>
						<string>593D79B419444AD500AD56FC</string>
					</dict>
				</dict>
			</dict>
			<key>buildConfigurationList</key>
			<string>593D79B019444AD500AD56FC</string>
			<key>compatibilityVersion</key>
			<string>Xcode 3.2</string>
			<key>developmentRegion</key>
			<string>English</string>
			<key>hasScannedForEncodings</key>
			<string>0</string>
			<key>isa</key>
			<string>PBXProject</string>
			<key>knownRegions</key>
			<array>
				<string>en</string>
			</array>
			<key>mainGroup</key>
			<string>593D79AC19444AD500AD56FC</string>
			<key>productRefGroup</key>
			<string>593D79B619444AD500AD56FC</string>
			<key>projectDirPath</key>
			<string></string>
			<key>projectReferences</key>
			<array/>
			<key>projectRoot</key>
			<string></string>
			<key>targets</key>
			<array>
				<string>593D79B419444AD500AD56FC</string>
				<string>593D79CF19444AD500AD56FC</string>
			</array>
		</dict>
		<key>593D79B019444AD500AD56FC</key>
		<dict>
			<key>buildConfigurations</key>
			<array>
				<string>593D79DF19444AD500AD56FC</string>
				<string>593D79E019444AD500AD56FC</string>
			</array>
			<key>defaultConfigurationIsVisible</key>
			<string>0</string>
			<key>defaultConfigurationName</key>
			<string>Release</string>
			<key>isa</key>
			<string>XCConfigurationList</string>
		</dict>
		<key>593D79B119444AD500AD56FC</key>
		<dict>
			<key>buildActionMask</key>
			<string>2147483647</string>
			<key>files</key>
			<array>
				<string>593D79C919444AD500AD56FC</string>
				<string>593D79F419446D8E00AD56FC</string>
				<string>593D79C519444AD500AD56FC</string>
				<string>593D79EF1944604200AD56FC</string>
				<string>593D79EA19444B0100AD56FC</string>
			</array>
			<key>isa</key>
			<string>PBXSourcesBuildPhase</string>
			<key>runOnlyForDeploymentPostprocessing</key>
			<string>0</string>
		</dict>
		<key>593D79B219444AD500AD56FC</key>
		<dict>
			<key>buildActionMask</key>
			<string>2147483647</string>
			<key>files</key>
			<array>
				<string>593D79BB19444AD500AD56FC</string>
				<string>593D79BD19444AD500AD56FC</string>
				<string>593D79B919444AD500AD56FC</string>
				<string>F569DD79EC1A407C861476D2</string>
			</array>
			<key>isa</key>
			<string>PBXFrameworksBuildPhase</string>
			<key>runOnlyForDeploymentPostprocessing</key>
			<string>0</string>
		</dict>
		<key>593D79B319444AD500AD56FC</key>
		<dict>
			<key>buildActionMask</key>
			<string>2147483647</string>
			<key>files</key>
			<array>
				<string>593D79C319444AD500AD56FC</string>
				<string>593D79EB19444B0100AD56FC</string>
				<string>593D79F01944604200AD56FC</string>
				<string>593D79CB19444AD500AD56FC</string>
				<string>593D79F519446D8E00AD56FC</string>
			</array>
			<key>isa</key>
			<string>PBXResourcesBuildPhase</string>
			<key>runOnlyForDeploymentPostprocessing</key>
			<string>0</string>
		</dict>
		<key>593D79B419444AD500AD56FC</key>
		<dict>
			<key>buildConfigurationList</key>
			<string>593D79E119444AD500AD56FC</string>
			<key>buildPhases</key>
			<array>
				<string>340827F567B04D3FB8F08D9C</string>
				<string>593D79B119444AD500AD56FC</string>
				<string>593D79B219444AD500AD56FC</string>
				<string>593D79B319444AD500AD56FC</string>
				<string>0F7BA8955B3442ACAF9237DD</string>
			</array>
			<key>buildRules</key>
			<array/>
			<key>dependencies</key>
			<array/>
			<key>isa</key>
			<string>PBXNativeTarget</string>
			<key>name</key>
			<string>RottenTomatoes</string>
			<key>productName</key>
			<string>RottenTomatoes</string>
			<key>productReference</key>
			<string>593D79B519444AD500AD56FC</string>
			<key>productType</key>
			<string>com.apple.product-type.application</string>
		</dict>
		<key>593D79B519444AD500AD56FC</key>
		<dict>
			<key>explicitFileType</key>
			<string>wrapper.application</string>
			<key>includeInIndex</key>
			<string>0</string>
			<key>isa</key>
			<string>PBXFileReference</string>
			<key>path</key>
			<string>RottenTomatoes.app</string>
			<key>sourceTree</key>
			<string>BUILT_PRODUCTS_DIR</string>
		</dict>
		<key>593D79B619444AD500AD56FC</key>
		<dict>
			<key>children</key>
			<array>
				<string>593D79B519444AD500AD56FC</string>
				<string>593D79D019444AD500AD56FC</string>
			</array>
			<key>isa</key>
			<string>PBXGroup</string>
			<key>name</key>
			<string>Products</string>
			<key>sourceTree</key>
			<string>&lt;group&gt;</string>
		</dict>
		<key>593D79B719444AD500AD56FC</key>
		<dict>
			<key>children</key>
			<array>
				<string>593D79B819444AD500AD56FC</string>
				<string>593D79BA19444AD500AD56FC</string>
				<string>593D79BC19444AD500AD56FC</string>
				<string>593D79D119444AD500AD56FC</string>
				<string>5618E5FC9BFB44C2AB4E1E47</string>
			</array>
			<key>isa</key>
			<string>PBXGroup</string>
			<key>name</key>
			<string>Frameworks</string>
			<key>sourceTree</key>
			<string>&lt;group&gt;</string>
		</dict>
		<key>593D79B819444AD500AD56FC</key>
		<dict>
			<key>isa</key>
			<string>PBXFileReference</string>
			<key>lastKnownFileType</key>
			<string>wrapper.framework</string>
			<key>name</key>
			<string>Foundation.framework</string>
			<key>path</key>
			<string>System/Library/Frameworks/Foundation.framework</string>
			<key>sourceTree</key>
			<string>SDKROOT</string>
		</dict>
		<key>593D79B919444AD500AD56FC</key>
		<dict>
			<key>fileRef</key>
			<string>593D79B819444AD500AD56FC</string>
			<key>isa</key>
			<string>PBXBuildFile</string>
		</dict>
		<key>593D79BA19444AD500AD56FC</key>
		<dict>
			<key>isa</key>
			<string>PBXFileReference</string>
			<key>lastKnownFileType</key>
			<string>wrapper.framework</string>
			<key>name</key>
			<string>CoreGraphics.framework</string>
			<key>path</key>
			<string>System/Library/Frameworks/CoreGraphics.framework</string>
			<key>sourceTree</key>
			<string>SDKROOT</string>
		</dict>
		<key>593D79BB19444AD500AD56FC</key>
		<dict>
			<key>fileRef</key>
			<string>593D79BA19444AD500AD56FC</string>
			<key>isa</key>
			<string>PBXBuildFile</string>
		</dict>
		<key>593D79BC19444AD500AD56FC</key>
		<dict>
			<key>isa</key>
			<string>PBXFileReference</string>
			<key>lastKnownFileType</key>
			<string>wrapper.framework</string>
			<key>name</key>
			<string>UIKit.framework</string>
			<key>path</key>
			<string>System/Library/Frameworks/UIKit.framework</string>
			<key>sourceTree</key>
			<string>SDKROOT</string>
		</dict>
		<key>593D79BD19444AD500AD56FC</key>
		<dict>
			<key>fileRef</key>
			<string>593D79BC19444AD500AD56FC</string>
			<key>isa</key>
			<string>PBXBuildFile</string>
		</dict>
		<key>593D79BE19444AD500AD56FC</key>
		<dict>
			<key>children</key>
			<array>
				<string>593D79E719444B0100AD56FC</string>
				<string>593D79E819444B0100AD56FC</string>
				<string>593D79E919444B0100AD56FC</string>
				<string>593D79C719444AD500AD56FC</string>
				<string>593D79C819444AD500AD56FC</string>
				<string>593D79CA19444AD500AD56FC</string>
				<string>593D79BF19444AD500AD56FC</string>
				<string>593D79EC1944604200AD56FC</string>
				<string>593D79ED1944604200AD56FC</string>
				<string>593D79EE1944604200AD56FC</string>
				<string>593D79F119446D8E00AD56FC</string>
				<string>593D79F219446D8E00AD56FC</string>
				<string>593D79F319446D8E00AD56FC</string>
			</array>
			<key>isa</key>
			<string>PBXGroup</string>
			<key>path</key>
			<string>RottenTomatoes</string>
			<key>sourceTree</key>
			<string>&lt;group&gt;</string>
		</dict>
		<key>593D79BF19444AD500AD56FC</key>
		<dict>
			<key>children</key>
			<array>
				<string>593D79C019444AD500AD56FC</string>
				<string>593D79C119444AD500AD56FC</string>
				<string>593D79C419444AD500AD56FC</string>
				<string>593D79C619444AD500AD56FC</string>
			</array>
			<key>isa</key>
			<string>PBXGroup</string>
			<key>name</key>
			<string>Supporting Files</string>
			<key>sourceTree</key>
			<string>&lt;group&gt;</string>
		</dict>
		<key>593D79C019444AD500AD56FC</key>
		<dict>
			<key>isa</key>
			<string>PBXFileReference</string>
			<key>lastKnownFileType</key>
			<string>text.plist.xml</string>
			<key>path</key>
			<string>RottenTomatoes-Info.plist</string>
			<key>sourceTree</key>
			<string>&lt;group&gt;</string>
		</dict>
		<key>593D79C119444AD500AD56FC</key>
		<dict>
			<key>children</key>
			<array>
				<string>593D79C219444AD500AD56FC</string>
			</array>
			<key>isa</key>
			<string>PBXVariantGroup</string>
			<key>name</key>
			<string>InfoPlist.strings</string>
			<key>sourceTree</key>
			<string>&lt;group&gt;</string>
		</dict>
		<key>593D79C219444AD500AD56FC</key>
		<dict>
			<key>isa</key>
			<string>PBXFileReference</string>
			<key>lastKnownFileType</key>
			<string>text.plist.strings</string>
			<key>name</key>
			<string>en</string>
			<key>path</key>
			<string>en.lproj/InfoPlist.strings</string>
			<key>sourceTree</key>
			<string>&lt;group&gt;</string>
		</dict>
		<key>593D79C319444AD500AD56FC</key>
		<dict>
			<key>fileRef</key>
			<string>593D79C119444AD500AD56FC</string>
			<key>isa</key>
			<string>PBXBuildFile</string>
		</dict>
		<key>593D79C419444AD500AD56FC</key>
		<dict>
			<key>isa</key>
			<string>PBXFileReference</string>
			<key>lastKnownFileType</key>
			<string>sourcecode.c.objc</string>
			<key>path</key>
			<string>main.m</string>
			<key>sourceTree</key>
			<string>&lt;group&gt;</string>
		</dict>
		<key>593D79C519444AD500AD56FC</key>
		<dict>
			<key>fileRef</key>
			<string>593D79C419444AD500AD56FC</string>
			<key>isa</key>
			<string>PBXBuildFile</string>
		</dict>
		<key>593D79C619444AD500AD56FC</key>
		<dict>
			<key>isa</key>
			<string>PBXFileReference</string>
			<key>lastKnownFileType</key>
			<string>sourcecode.c.h</string>
			<key>path</key>
			<string>RottenTomatoes-Prefix.pch</string>
			<key>sourceTree</key>
			<string>&lt;group&gt;</string>
		</dict>
		<key>593D79C719444AD500AD56FC</key>
		<dict>
			<key>isa</key>
			<string>PBXFileReference</string>
			<key>lastKnownFileType</key>
			<string>sourcecode.c.h</string>
			<key>path</key>
			<string>AppDelegate.h</string>
			<key>sourceTree</key>
			<string>&lt;group&gt;</string>
		</dict>
		<key>593D79C819444AD500AD56FC</key>
		<dict>
			<key>isa</key>
			<string>PBXFileReference</string>
			<key>lastKnownFileType</key>
			<string>sourcecode.c.objc</string>
			<key>path</key>
			<string>AppDelegate.m</string>
			<key>sourceTree</key>
			<string>&lt;group&gt;</string>
		</dict>
		<key>593D79C919444AD500AD56FC</key>
		<dict>
			<key>fileRef</key>
			<string>593D79C819444AD500AD56FC</string>
			<key>isa</key>
			<string>PBXBuildFile</string>
		</dict>
		<key>593D79CA19444AD500AD56FC</key>
		<dict>
			<key>isa</key>
			<string>PBXFileReference</string>
			<key>lastKnownFileType</key>
			<string>folder.assetcatalog</string>
			<key>path</key>
			<string>Images.xcassets</string>
			<key>sourceTree</key>
			<string>&lt;group&gt;</string>
		</dict>
		<key>593D79CB19444AD500AD56FC</key>
		<dict>
			<key>fileRef</key>
			<string>593D79CA19444AD500AD56FC</string>
			<key>isa</key>
			<string>PBXBuildFile</string>
		</dict>
		<key>593D79CC19444AD500AD56FC</key>
		<dict>
			<key>buildActionMask</key>
			<string>2147483647</string>
			<key>files</key>
			<array>
				<string>593D79DE19444AD500AD56FC</string>
			</array>
			<key>isa</key>
			<string>PBXSourcesBuildPhase</string>
			<key>runOnlyForDeploymentPostprocessing</key>
			<string>0</string>
		</dict>
		<key>593D79CD19444AD500AD56FC</key>
		<dict>
			<key>buildActionMask</key>
			<string>2147483647</string>
			<key>files</key>
			<array>
				<string>593D79D219444AD500AD56FC</string>
				<string>593D79D419444AD500AD56FC</string>
				<string>593D79D319444AD500AD56FC</string>
			</array>
			<key>isa</key>
			<string>PBXFrameworksBuildPhase</string>
			<key>runOnlyForDeploymentPostprocessing</key>
			<string>0</string>
		</dict>
		<key>593D79CE19444AD500AD56FC</key>
		<dict>
			<key>buildActionMask</key>
			<string>2147483647</string>
			<key>files</key>
			<array>
				<string>593D79DC19444AD500AD56FC</string>
			</array>
			<key>isa</key>
			<string>PBXResourcesBuildPhase</string>
			<key>runOnlyForDeploymentPostprocessing</key>
			<string>0</string>
		</dict>
		<key>593D79CF19444AD500AD56FC</key>
		<dict>
			<key>buildConfigurationList</key>
			<string>593D79E419444AD500AD56FC</string>
			<key>buildPhases</key>
			<array>
				<string>593D79CC19444AD500AD56FC</string>
				<string>593D79CD19444AD500AD56FC</string>
				<string>593D79CE19444AD500AD56FC</string>
			</array>
			<key>buildRules</key>
			<array/>
			<key>dependencies</key>
			<array>
				<string>593D79D619444AD500AD56FC</string>
			</array>
			<key>isa</key>
			<string>PBXNativeTarget</string>
			<key>name</key>
			<string>RottenTomatoesTests</string>
			<key>productName</key>
			<string>RottenTomatoesTests</string>
			<key>productReference</key>
			<string>593D79D019444AD500AD56FC</string>
			<key>productType</key>
			<string>com.apple.product-type.bundle.unit-test</string>
		</dict>
		<key>593D79D019444AD500AD56FC</key>
		<dict>
			<key>explicitFileType</key>
			<string>wrapper.cfbundle</string>
			<key>includeInIndex</key>
			<string>0</string>
			<key>isa</key>
			<string>PBXFileReference</string>
			<key>path</key>
			<string>RottenTomatoesTests.xctest</string>
			<key>sourceTree</key>
			<string>BUILT_PRODUCTS_DIR</string>
		</dict>
		<key>593D79D119444AD500AD56FC</key>
		<dict>
			<key>isa</key>
			<string>PBXFileReference</string>
			<key>lastKnownFileType</key>
			<string>wrapper.framework</string>
			<key>name</key>
			<string>XCTest.framework</string>
			<key>path</key>
			<string>Library/Frameworks/XCTest.framework</string>
			<key>sourceTree</key>
			<string>DEVELOPER_DIR</string>
		</dict>
		<key>593D79D219444AD500AD56FC</key>
		<dict>
			<key>fileRef</key>
			<string>593D79D119444AD500AD56FC</string>
			<key>isa</key>
			<string>PBXBuildFile</string>
		</dict>
		<key>593D79D319444AD500AD56FC</key>
		<dict>
			<key>fileRef</key>
			<string>593D79B819444AD500AD56FC</string>
			<key>isa</key>
			<string>PBXBuildFile</string>
		</dict>
		<key>593D79D419444AD500AD56FC</key>
		<dict>
			<key>fileRef</key>
			<string>593D79BC19444AD500AD56FC</string>
			<key>isa</key>
			<string>PBXBuildFile</string>
		</dict>
		<key>593D79D519444AD500AD56FC</key>
		<dict>
			<key>containerPortal</key>
			<string>593D79AD19444AD500AD56FC</string>
			<key>isa</key>
			<string>PBXContainerItemProxy</string>
			<key>proxyType</key>
			<string>1</string>
			<key>remoteGlobalIDString</key>
			<string>593D79B419444AD500AD56FC</string>
			<key>remoteInfo</key>
			<string>RottenTomatoes</string>
		</dict>
		<key>593D79D619444AD500AD56FC</key>
		<dict>
			<key>isa</key>
			<string>PBXTargetDependency</string>
			<key>target</key>
			<string>593D79B419444AD500AD56FC</string>
			<key>targetProxy</key>
			<string>593D79D519444AD500AD56FC</string>
		</dict>
		<key>593D79D719444AD500AD56FC</key>
		<dict>
			<key>children</key>
			<array>
				<string>593D79DD19444AD500AD56FC</string>
				<string>593D79D819444AD500AD56FC</string>
			</array>
			<key>isa</key>
			<string>PBXGroup</string>
			<key>path</key>
			<string>RottenTomatoesTests</string>
			<key>sourceTree</key>
			<string>&lt;group&gt;</string>
		</dict>
		<key>593D79D819444AD500AD56FC</key>
		<dict>
			<key>children</key>
			<array>
				<string>593D79D919444AD500AD56FC</string>
				<string>593D79DA19444AD500AD56FC</string>
			</array>
			<key>isa</key>
			<string>PBXGroup</string>
			<key>name</key>
			<string>Supporting Files</string>
			<key>sourceTree</key>
			<string>&lt;group&gt;</string>
		</dict>
		<key>593D79D919444AD500AD56FC</key>
		<dict>
			<key>isa</key>
			<string>PBXFileReference</string>
			<key>lastKnownFileType</key>
			<string>text.plist.xml</string>
			<key>path</key>
			<string>RottenTomatoesTests-Info.plist</string>
			<key>sourceTree</key>
			<string>&lt;group&gt;</string>
		</dict>
		<key>593D79DA19444AD500AD56FC</key>
		<dict>
			<key>children</key>
			<array>
				<string>593D79DB19444AD500AD56FC</string>
			</array>
			<key>isa</key>
			<string>PBXVariantGroup</string>
			<key>name</key>
			<string>InfoPlist.strings</string>
			<key>sourceTree</key>
			<string>&lt;group&gt;</string>
		</dict>
		<key>593D79DB19444AD500AD56FC</key>
		<dict>
			<key>isa</key>
			<string>PBXFileReference</string>
			<key>lastKnownFileType</key>
			<string>text.plist.strings</string>
			<key>name</key>
			<string>en</string>
			<key>path</key>
			<string>en.lproj/InfoPlist.strings</string>
			<key>sourceTree</key>
			<string>&lt;group&gt;</string>
		</dict>
		<key>593D79DC19444AD500AD56FC</key>
		<dict>
			<key>fileRef</key>
			<string>593D79DA19444AD500AD56FC</string>
			<key>isa</key>
			<string>PBXBuildFile</string>
		</dict>
		<key>593D79DD19444AD500AD56FC</key>
		<dict>
			<key>isa</key>
			<string>PBXFileReference</string>
			<key>lastKnownFileType</key>
			<string>sourcecode.c.objc</string>
			<key>path</key>
			<string>RottenTomatoesTests.m</string>
			<key>sourceTree</key>
			<string>&lt;group&gt;</string>
		</dict>
		<key>593D79DE19444AD500AD56FC</key>
		<dict>
			<key>fileRef</key>
			<string>593D79DD19444AD500AD56FC</string>
			<key>isa</key>
			<string>PBXBuildFile</string>
		</dict>
		<key>593D79DF19444AD500AD56FC</key>
		<dict>
			<key>buildSettings</key>
			<dict>
				<key>ALWAYS_SEARCH_USER_PATHS</key>
				<string>NO</string>
				<key>CLANG_CXX_LANGUAGE_STANDARD</key>
				<string>gnu++0x</string>
				<key>CLANG_CXX_LIBRARY</key>
				<string>libc++</string>
				<key>CLANG_ENABLE_MODULES</key>
				<string>YES</string>
				<key>CLANG_ENABLE_OBJC_ARC</key>
				<string>YES</string>
				<key>CLANG_WARN_BOOL_CONVERSION</key>
				<string>YES</string>
				<key>CLANG_WARN_CONSTANT_CONVERSION</key>
				<string>YES</string>
				<key>CLANG_WARN_DIRECT_OBJC_ISA_USAGE</key>
				<string>YES_ERROR</string>
				<key>CLANG_WARN_EMPTY_BODY</key>
				<string>YES</string>
				<key>CLANG_WARN_ENUM_CONVERSION</key>
				<string>YES</string>
				<key>CLANG_WARN_INT_CONVERSION</key>
				<string>YES</string>
				<key>CLANG_WARN_OBJC_ROOT_CLASS</key>
				<string>YES_ERROR</string>
				<key>CLANG_WARN__DUPLICATE_METHOD_MATCH</key>
				<string>YES</string>
				<key>CODE_SIGN_IDENTITY[sdk=iphoneos*]</key>
				<string>iPhone Developer</string>
				<key>COPY_PHASE_STRIP</key>
				<string>NO</string>
				<key>GCC_C_LANGUAGE_STANDARD</key>
				<string>gnu99</string>
				<key>GCC_DYNAMIC_NO_PIC</key>
				<string>NO</string>
				<key>GCC_OPTIMIZATION_LEVEL</key>
				<string>0</string>
				<key>GCC_PREPROCESSOR_DEFINITIONS</key>
				<array>
					<string>DEBUG=1</string>
					<string>$(inherited)</string>
				</array>
				<key>GCC_SYMBOLS_PRIVATE_EXTERN</key>
				<string>NO</string>
				<key>GCC_WARN_64_TO_32_BIT_CONVERSION</key>
				<string>YES</string>
				<key>GCC_WARN_ABOUT_RETURN_TYPE</key>
				<string>YES_ERROR</string>
				<key>GCC_WARN_UNDECLARED_SELECTOR</key>
				<string>YES</string>
				<key>GCC_WARN_UNINITIALIZED_AUTOS</key>
				<string>YES_AGGRESSIVE</string>
				<key>GCC_WARN_UNUSED_FUNCTION</key>
				<string>YES</string>
				<key>GCC_WARN_UNUSED_VARIABLE</key>
				<string>YES</string>
				<key>IPHONEOS_DEPLOYMENT_TARGET</key>
				<string>7.1</string>
				<key>ONLY_ACTIVE_ARCH</key>
				<string>YES</string>
				<key>SDKROOT</key>
				<string>iphoneos</string>
			</dict>
			<key>isa</key>
			<string>XCBuildConfiguration</string>
			<key>name</key>
			<string>Debug</string>
		</dict>
		<key>593D79E019444AD500AD56FC</key>
		<dict>
			<key>buildSettings</key>
			<dict>
				<key>ALWAYS_SEARCH_USER_PATHS</key>
				<string>NO</string>
				<key>CLANG_CXX_LANGUAGE_STANDARD</key>
				<string>gnu++0x</string>
				<key>CLANG_CXX_LIBRARY</key>
				<string>libc++</string>
				<key>CLANG_ENABLE_MODULES</key>
				<string>YES</string>
				<key>CLANG_ENABLE_OBJC_ARC</key>
				<string>YES</string>
				<key>CLANG_WARN_BOOL_CONVERSION</key>
				<string>YES</string>
				<key>CLANG_WARN_CONSTANT_CONVERSION</key>
				<string>YES</string>
				<key>CLANG_WARN_DIRECT_OBJC_ISA_USAGE</key>
				<string>YES_ERROR</string>
				<key>CLANG_WARN_EMPTY_BODY</key>
				<string>YES</string>
				<key>CLANG_WARN_ENUM_CONVERSION</key>
				<string>YES</string>
				<key>CLANG_WARN_INT_CONVERSION</key>
				<string>YES</string>
				<key>CLANG_WARN_OBJC_ROOT_CLASS</key>
				<string>YES_ERROR</string>
				<key>CLANG_WARN__DUPLICATE_METHOD_MATCH</key>
				<string>YES</string>
				<key>CODE_SIGN_IDENTITY[sdk=iphoneos*]</key>
				<string>iPhone Developer</string>
				<key>COPY_PHASE_STRIP</key>
				<string>YES</string>
				<key>ENABLE_NS_ASSERTIONS</key>
				<string>NO</string>
				<key>GCC_C_LANGUAGE_STANDARD</key>
				<string>gnu99</string>
				<key>GCC_WARN_64_TO_32_BIT_CONVERSION</key>
				<string>YES</string>
				<key>GCC_WARN_ABOUT_RETURN_TYPE</key>
				<string>YES_ERROR</string>
				<key>GCC_WARN_UNDECLARED_SELECTOR</key>
				<string>YES</string>
				<key>GCC_WARN_UNINITIALIZED_AUTOS</key>
				<string>YES_AGGRESSIVE</string>
				<key>GCC_WARN_UNUSED_FUNCTION</key>
				<string>YES</string>
				<key>GCC_WARN_UNUSED_VARIABLE</key>
				<string>YES</string>
				<key>IPHONEOS_DEPLOYMENT_TARGET</key>
				<string>7.1</string>
				<key>SDKROOT</key>
				<string>iphoneos</string>
				<key>VALIDATE_PRODUCT</key>
				<string>YES</string>
			</dict>
			<key>isa</key>
			<string>XCBuildConfiguration</string>
			<key>name</key>
			<string>Release</string>
		</dict>
		<key>593D79E119444AD500AD56FC</key>
		<dict>
			<key>buildConfigurations</key>
			<array>
				<string>593D79E219444AD500AD56FC</string>
				<string>593D79E319444AD500AD56FC</string>
			</array>
			<key>defaultConfigurationIsVisible</key>
			<string>0</string>
			<key>isa</key>
			<string>XCConfigurationList</string>
		</dict>
		<key>593D79E219444AD500AD56FC</key>
		<dict>
			<key>baseConfigurationReference</key>
			<string>C5A90ADEE5074667908B9858</string>
			<key>buildSettings</key>
			<dict>
				<key>ASSETCATALOG_COMPILER_APPICON_NAME</key>
				<string>AppIcon</string>
				<key>ASSETCATALOG_COMPILER_LAUNCHIMAGE_NAME</key>
				<string>LaunchImage</string>
				<key>GCC_PRECOMPILE_PREFIX_HEADER</key>
				<string>YES</string>
				<key>GCC_PREFIX_HEADER</key>
				<string>RottenTomatoes/RottenTomatoes-Prefix.pch</string>
				<key>INFOPLIST_FILE</key>
				<string>RottenTomatoes/RottenTomatoes-Info.plist</string>
				<key>PRODUCT_NAME</key>
				<string>$(TARGET_NAME)</string>
				<key>WRAPPER_EXTENSION</key>
				<string>app</string>
			</dict>
			<key>isa</key>
			<string>XCBuildConfiguration</string>
			<key>name</key>
			<string>Debug</string>
		</dict>
		<key>593D79E319444AD500AD56FC</key>
		<dict>
			<key>baseConfigurationReference</key>
			<string>C5A90ADEE5074667908B9858</string>
			<key>buildSettings</key>
			<dict>
				<key>ASSETCATALOG_COMPILER_APPICON_NAME</key>
				<string>AppIcon</string>
				<key>ASSETCATALOG_COMPILER_LAUNCHIMAGE_NAME</key>
				<string>LaunchImage</string>
				<key>GCC_PRECOMPILE_PREFIX_HEADER</key>
				<string>YES</string>
				<key>GCC_PREFIX_HEADER</key>
				<string>RottenTomatoes/RottenTomatoes-Prefix.pch</string>
				<key>INFOPLIST_FILE</key>
				<string>RottenTomatoes/RottenTomatoes-Info.plist</string>
				<key>PRODUCT_NAME</key>
				<string>$(TARGET_NAME)</string>
				<key>WRAPPER_EXTENSION</key>
				<string>app</string>
			</dict>
			<key>isa</key>
			<string>XCBuildConfiguration</string>
			<key>name</key>
			<string>Release</string>
		</dict>
		<key>593D79E419444AD500AD56FC</key>
		<dict>
			<key>buildConfigurations</key>
			<array>
				<string>593D79E519444AD500AD56FC</string>
				<string>593D79E619444AD500AD56FC</string>
			</array>
			<key>defaultConfigurationIsVisible</key>
			<string>0</string>
			<key>isa</key>
			<string>XCConfigurationList</string>
		</dict>
		<key>593D79E519444AD500AD56FC</key>
		<dict>
			<key>buildSettings</key>
			<dict>
				<key>BUNDLE_LOADER</key>
				<string>$(BUILT_PRODUCTS_DIR)/RottenTomatoes.app/RottenTomatoes</string>
				<key>FRAMEWORK_SEARCH_PATHS</key>
				<array>
					<string>$(SDKROOT)/Developer/Library/Frameworks</string>
					<string>$(inherited)</string>
					<string>$(DEVELOPER_FRAMEWORKS_DIR)</string>
				</array>
				<key>GCC_PRECOMPILE_PREFIX_HEADER</key>
				<string>YES</string>
				<key>GCC_PREFIX_HEADER</key>
				<string>RottenTomatoes/RottenTomatoes-Prefix.pch</string>
				<key>GCC_PREPROCESSOR_DEFINITIONS</key>
				<array>
					<string>DEBUG=1</string>
					<string>$(inherited)</string>
				</array>
				<key>INFOPLIST_FILE</key>
				<string>RottenTomatoesTests/RottenTomatoesTests-Info.plist</string>
				<key>PRODUCT_NAME</key>
				<string>$(TARGET_NAME)</string>
				<key>TEST_HOST</key>
				<string>$(BUNDLE_LOADER)</string>
				<key>WRAPPER_EXTENSION</key>
				<string>xctest</string>
			</dict>
			<key>isa</key>
			<string>XCBuildConfiguration</string>
			<key>name</key>
			<string>Debug</string>
		</dict>
		<key>593D79E619444AD500AD56FC</key>
		<dict>
			<key>buildSettings</key>
			<dict>
				<key>BUNDLE_LOADER</key>
				<string>$(BUILT_PRODUCTS_DIR)/RottenTomatoes.app/RottenTomatoes</string>
				<key>FRAMEWORK_SEARCH_PATHS</key>
				<array>
					<string>$(SDKROOT)/Developer/Library/Frameworks</string>
					<string>$(inherited)</string>
					<string>$(DEVELOPER_FRAMEWORKS_DIR)</string>
				</array>
				<key>GCC_PRECOMPILE_PREFIX_HEADER</key>
				<string>YES</string>
				<key>GCC_PREFIX_HEADER</key>
				<string>RottenTomatoes/RottenTomatoes-Prefix.pch</string>
				<key>INFOPLIST_FILE</key>
				<string>RottenTomatoesTests/RottenTomatoesTests-Info.plist</string>
				<key>PRODUCT_NAME</key>
				<string>$(TARGET_NAME)</string>
				<key>TEST_HOST</key>
				<string>$(BUNDLE_LOADER)</string>
				<key>WRAPPER_EXTENSION</key>
				<string>xctest</string>
			</dict>
			<key>isa</key>
			<string>XCBuildConfiguration</string>
			<key>name</key>
			<string>Release</string>
		</dict>
		<key>593D79E719444B0100AD56FC</key>
		<dict>
			<key>fileEncoding</key>
			<string>4</string>
			<key>isa</key>
			<string>PBXFileReference</string>
			<key>lastKnownFileType</key>
			<string>sourcecode.c.h</string>
			<key>name</key>
			<string>MainTableViewController.h</string>
			<key>path</key>
			<string>../MainTableViewController.h</string>
			<key>sourceTree</key>
			<string>&lt;group&gt;</string>
		</dict>
		<key>593D79E819444B0100AD56FC</key>
		<dict>
			<key>fileEncoding</key>
			<string>4</string>
			<key>isa</key>
			<string>PBXFileReference</string>
			<key>lastKnownFileType</key>
			<string>sourcecode.c.objc</string>
			<key>name</key>
			<string>MainTableViewController.m</string>
			<key>path</key>
			<string>../MainTableViewController.m</string>
			<key>sourceTree</key>
			<string>&lt;group&gt;</string>
		</dict>
		<key>593D79E919444B0100AD56FC</key>
		<dict>
			<key>fileEncoding</key>
			<string>4</string>
			<key>isa</key>
			<string>PBXFileReference</string>
			<key>lastKnownFileType</key>
			<string>file.xib</string>
			<key>name</key>
			<string>MainTableViewController.xib</string>
			<key>path</key>
			<string>../MainTableViewController.xib</string>
			<key>sourceTree</key>
			<string>&lt;group&gt;</string>
		</dict>
		<key>593D79EA19444B0100AD56FC</key>
		<dict>
			<key>fileRef</key>
			<string>593D79E819444B0100AD56FC</string>
			<key>isa</key>
			<string>PBXBuildFile</string>
		</dict>
		<key>593D79EB19444B0100AD56FC</key>
		<dict>
			<key>fileRef</key>
			<string>593D79E919444B0100AD56FC</string>
			<key>isa</key>
			<string>PBXBuildFile</string>
		</dict>
		<key>593D79EC1944604200AD56FC</key>
		<dict>
			<key>fileEncoding</key>
			<string>4</string>
			<key>isa</key>
			<string>PBXFileReference</string>
			<key>lastKnownFileType</key>
			<string>sourcecode.c.h</string>
			<key>path</key>
			<string>MovieCell.h</string>
			<key>sourceTree</key>
			<string>&lt;group&gt;</string>
		</dict>
		<key>593D79ED1944604200AD56FC</key>
		<dict>
			<key>fileEncoding</key>
			<string>4</string>
			<key>isa</key>
			<string>PBXFileReference</string>
			<key>lastKnownFileType</key>
			<string>sourcecode.c.objc</string>
			<key>path</key>
			<string>MovieCell.m</string>
			<key>sourceTree</key>
			<string>&lt;group&gt;</string>
		</dict>
		<key>593D79EE1944604200AD56FC</key>
		<dict>
			<key>fileEncoding</key>
			<string>4</string>
			<key>isa</key>
			<string>PBXFileReference</string>
			<key>lastKnownFileType</key>
			<string>file.xib</string>
			<key>path</key>
			<string>MovieCell.xib</string>
			<key>sourceTree</key>
			<string>&lt;group&gt;</string>
		</dict>
		<key>593D79EF1944604200AD56FC</key>
		<dict>
			<key>fileRef</key>
			<string>593D79ED1944604200AD56FC</string>
			<key>isa</key>
			<string>PBXBuildFile</string>
		</dict>
		<key>593D79F01944604200AD56FC</key>
		<dict>
			<key>fileRef</key>
			<string>593D79EE1944604200AD56FC</string>
			<key>isa</key>
			<string>PBXBuildFile</string>
		</dict>
		<key>593D79F119446D8E00AD56FC</key>
		<dict>
			<key>fileEncoding</key>
			<string>4</string>
			<key>isa</key>
			<string>PBXFileReference</string>
			<key>lastKnownFileType</key>
			<string>sourcecode.c.h</string>
			<key>path</key>
			<string>SingelMovieViewViewController.h</string>
			<key>sourceTree</key>
			<string>&lt;group&gt;</string>
		</dict>
		<key>593D79F219446D8E00AD56FC</key>
		<dict>
			<key>fileEncoding</key>
			<string>4</string>
			<key>isa</key>
			<string>PBXFileReference</string>
			<key>lastKnownFileType</key>
			<string>sourcecode.c.objc</string>
			<key>path</key>
			<string>SingelMovieViewViewController.m</string>
			<key>sourceTree</key>
			<string>&lt;group&gt;</string>
		</dict>
		<key>593D79F319446D8E00AD56FC</key>
		<dict>
			<key>fileEncoding</key>
			<string>4</string>
			<key>isa</key>
			<string>PBXFileReference</string>
			<key>lastKnownFileType</key>
			<string>file.xib</string>
			<key>path</key>
			<string>SingelMovieViewViewController.xib</string>
			<key>sourceTree</key>
			<string>&lt;group&gt;</string>
		</dict>
		<key>593D79F419446D8E00AD56FC</key>
		<dict>
			<key>fileRef</key>
			<string>593D79F219446D8E00AD56FC</string>
			<key>isa</key>
			<string>PBXBuildFile</string>
		</dict>
		<key>593D79F519446D8E00AD56FC</key>
		<dict>
			<key>fileRef</key>
			<string>593D79F319446D8E00AD56FC</string>
			<key>isa</key>
			<string>PBXBuildFile</string>
		</dict>
		<key>C5A90ADEE5074667908B9858</key>
		<dict>
			<key>includeInIndex</key>
			<string>1</string>
			<key>isa</key>
			<string>PBXFileReference</string>
			<key>lastKnownFileType</key>
			<string>text.xcconfig</string>
			<key>name</key>
			<string>Pods.xcconfig</string>
			<key>path</key>
			<string>Pods/Pods.xcconfig</string>
			<key>sourceTree</key>
			<string>&lt;group&gt;</string>
		</dict>
		<key>F569DD79EC1A407C861476D2</key>
		<dict>
			<key>fileRef</key>
			<string>5618E5FC9BFB44C2AB4E1E47</string>
			<key>isa</key>
			<string>PBXBuildFile</string>
		</dict>
	</dict>
	<key>rootObject</key>
	<string>593D79AD19444AD500AD56FC</string>
</dict>
</plist>
